
Microsoft Visual Studio Solution File, Format Version 12.00
# Visual Studio Version 17
VisualStudioVersion = 17.14.36616.10
MinimumVisualStudioVersion = 10.0.40219.1
Project("{FAE04EC0-301F-11D3-BF4B-00C04F79EFBC}") = "Core", "Core\Core.csproj", "{28B46EF2-F728-4E36-BBC4-60B40A003993}"
EndProject
Project("{FAE04EC0-301F-11D3-BF4B-00C04F79EFBC}") = "Infrastructure", "Infrastructure\Infrastructure.csproj", "{A1DC2225-152B-4997-845A-A6CE875C4B5C}"
EndProject
Project("{FAE04EC0-301F-11D3-BF4B-00C04F79EFBC}") = "Api", "Api\Api.csproj", "{B1384EFD-ACC5-4905-9E39-57B9E8A8DA03}"
EndProject
Global
	GlobalSection(SolutionConfigurationPlatforms) = preSolution
		Debug|Any CPU = Debug|Any CPU
		Release|Any CPU = Release|Any CPU
	EndGlobalSection
	GlobalSection(ProjectConfigurationPlatforms) = postSolution
		{28B46EF2-F728-4E36-BBC4-60B40A003993}.Debug|Any CPU.ActiveCfg = Debug|Any CPU
		{28B46EF2-F728-4E36-BBC4-60B40A003993}.Debug|Any CPU.Build.0 = Debug|Any CPU
		{28B46EF2-F728-4E36-BBC4-60B40A003993}.Release|Any CPU.ActiveCfg = Release|Any CPU
		{28B46EF2-F728-4E36-BBC4-60B40A003993}.Release|Any CPU.Build.0 = Release|Any CPU
		{A1DC2225-152B-4997-845A-A6CE875C4B5C}.Debug|Any CPU.ActiveCfg = Debug|Any CPU
		{A1DC2225-152B-4997-845A-A6CE875C4B5C}.Debug|Any CPU.Build.0 = Debug|Any CPU
		{A1DC2225-152B-4997-845A-A6CE875C4B5C}.Release|Any CPU.ActiveCfg = Release|Any CPU
		{A1DC2225-152B-4997-845A-A6CE875C4B5C}.Release|Any CPU.Build.0 = Release|Any CPU
		{B1384EFD-ACC5-4905-9E39-57B9E8A8DA03}.Debug|Any CPU.ActiveCfg = Debug|Any CPU
		{B1384EFD-ACC5-4905-9E39-57B9E8A8DA03}.Debug|Any CPU.Build.0 = Debug|Any CPU
		{B1384EFD-ACC5-4905-9E39-57B9E8A8DA03}.Release|Any CPU.ActiveCfg = Release|Any CPU
		{B1384EFD-ACC5-4905-9E39-57B9E8A8DA03}.Release|Any CPU.Build.0 = Release|Any CPU
	EndGlobalSection
	GlobalSection(SolutionProperties) = preSolution
		HideSolutionNode = FALSE
	EndGlobalSection
	GlobalSection(ExtensibilityGlobals) = postSolution
		SolutionGuid = {24D855A6-6F43-42E9-8D49-B46F4BF4539A}
	EndGlobalSection
EndGlobal
